
Microsoft Visual Studio Solution File, Format Version 12.00
# Visual Studio Version 16
VisualStudioVersion = 16.0.32901.82
MinimumVisualStudioVersion = 10.0.40219.1
Project("{FAE04EC0-301F-11D3-BF4B-00C04F79EFBC}") = "Pedro_Arzuaga_Project2_GAM110", "Pedro_Arzuaga_Project2_GAM110\Pedro_Arzuaga_Project2_GAM110.csproj", "{230B7758-C717-40A0-98B6-93F751E03B09}"
EndProject
Global
	GlobalSection(SolutionConfigurationPlatforms) = preSolution
		Debug|Any CPU = Debug|Any CPU
		Release|Any CPU = Release|Any CPU
	EndGlobalSection
	GlobalSection(ProjectConfigurationPlatforms) = postSolution
		{230B7758-C717-40A0-98B6-93F751E03B09}.Debug|Any CPU.ActiveCfg = Debug|Any CPU
		{230B7758-C717-40A0-98B6-93F751E03B09}.Debug|Any CPU.Build.0 = Debug|Any CPU
		{230B7758-C717-40A0-98B6-93F751E03B09}.Release|Any CPU.ActiveCfg = Release|Any CPU
		{230B7758-C717-40A0-98B6-93F751E03B09}.Release|Any CPU.Build.0 = Release|Any CPU
	EndGlobalSection
	GlobalSection(SolutionProperties) = preSolution
		HideSolutionNode = FALSE
	EndGlobalSection
	GlobalSection(ExtensibilityGlobals) = postSolution
		SolutionGuid = {0ACECBB9-F9AC-4CE6-AEC1-6BDD249FA428}
	EndGlobalSection
EndGlobal
