
Microsoft Visual Studio Solution File, Format Version 12.00
# Visual Studio Version 16
VisualStudioVersion = 16.0.32802.440
MinimumVisualStudioVersion = 10.0.40219.1
Project("{FAE04EC0-301F-11D3-BF4B-00C04F79EFBC}") = "class10242022", "class10242022\class10242022.csproj", "{4E253DE9-690B-41D4-A42E-255F824E4CA6}"
EndProject
Global
	GlobalSection(SolutionConfigurationPlatforms) = preSolution
		Debug|Any CPU = Debug|Any CPU
		Release|Any CPU = Release|Any CPU
	EndGlobalSection
	GlobalSection(ProjectConfigurationPlatforms) = postSolution
		{4E253DE9-690B-41D4-A42E-255F824E4CA6}.Debug|Any CPU.ActiveCfg = Debug|Any CPU
		{4E253DE9-690B-41D4-A42E-255F824E4CA6}.Debug|Any CPU.Build.0 = Debug|Any CPU
		{4E253DE9-690B-41D4-A42E-255F824E4CA6}.Release|Any CPU.ActiveCfg = Release|Any CPU
		{4E253DE9-690B-41D4-A42E-255F824E4CA6}.Release|Any CPU.Build.0 = Release|Any CPU
	EndGlobalSection
	GlobalSection(SolutionProperties) = preSolution
		HideSolutionNode = FALSE
	EndGlobalSection
	GlobalSection(ExtensibilityGlobals) = postSolution
		SolutionGuid = {A5B89692-9EA2-409F-8F2F-332E99B7A21D}
	EndGlobalSection
EndGlobal
