
Microsoft Visual Studio Solution File, Format Version 12.00
# Visual Studio Version 16
VisualStudioVersion = 16.0.32802.440
MinimumVisualStudioVersion = 10.0.40219.1
Project("{FAE04EC0-301F-11D3-BF4B-00C04F79EFBC}") = "class11142022", "class11142022\class11142022.csproj", "{BD6B75CB-53B4-4B86-9976-E7EAF5060D42}"
EndProject
Global
	GlobalSection(SolutionConfigurationPlatforms) = preSolution
		Debug|Any CPU = Debug|Any CPU
		Release|Any CPU = Release|Any CPU
	EndGlobalSection
	GlobalSection(ProjectConfigurationPlatforms) = postSolution
		{BD6B75CB-53B4-4B86-9976-E7EAF5060D42}.Debug|Any CPU.ActiveCfg = Debug|Any CPU
		{BD6B75CB-53B4-4B86-9976-E7EAF5060D42}.Debug|Any CPU.Build.0 = Debug|Any CPU
		{BD6B75CB-53B4-4B86-9976-E7EAF5060D42}.Release|Any CPU.ActiveCfg = Release|Any CPU
		{BD6B75CB-53B4-4B86-9976-E7EAF5060D42}.Release|Any CPU.Build.0 = Release|Any CPU
	EndGlobalSection
	GlobalSection(SolutionProperties) = preSolution
		HideSolutionNode = FALSE
	EndGlobalSection
	GlobalSection(ExtensibilityGlobals) = postSolution
		SolutionGuid = {2176388D-AF3F-4C0C-AE29-55453C9BE310}
	EndGlobalSection
EndGlobal
