
Microsoft Visual Studio Solution File, Format Version 12.00
# Visual Studio Version 17
VisualStudioVersion = 17.0.32014.148
MinimumVisualStudioVersion = 10.0.40219.1
Project("{FAE04EC0-301F-11D3-BF4B-00C04F79EFBC}") = "TicTacToe", "TicTacToe\TicTacToe.csproj", "{AC77ACF1-5452-470F-B9AF-32FCF20D37EF}"
EndProject
Global
	GlobalSection(SolutionConfigurationPlatforms) = preSolution
		Debug|Any CPU = Debug|Any CPU
		Release|Any CPU = Release|Any CPU
	EndGlobalSection
	GlobalSection(ProjectConfigurationPlatforms) = postSolution
		{AC77ACF1-5452-470F-B9AF-32FCF20D37EF}.Debug|Any CPU.ActiveCfg = Debug|Any CPU
		{AC77ACF1-5452-470F-B9AF-32FCF20D37EF}.Debug|Any CPU.Build.0 = Debug|Any CPU
		{AC77ACF1-5452-470F-B9AF-32FCF20D37EF}.Release|Any CPU.ActiveCfg = Release|Any CPU
		{AC77ACF1-5452-470F-B9AF-32FCF20D37EF}.Release|Any CPU.Build.0 = Release|Any CPU
	EndGlobalSection
	GlobalSection(SolutionProperties) = preSolution
		HideSolutionNode = FALSE
	EndGlobalSection
	GlobalSection(ExtensibilityGlobals) = postSolution
		SolutionGuid = {ABE912ED-D54D-44A9-80DF-13435443B600}
	EndGlobalSection
EndGlobal
