
Microsoft Visual Studio Solution File, Format Version 12.00
# Visual Studio Version 16
VisualStudioVersion = 16.0.32802.440
MinimumVisualStudioVersion = 10.0.40219.1
Project("{FAE04EC0-301F-11D3-BF4B-00C04F79EFBC}") = "practice 7", "practice 7\practice 7.csproj", "{C8056EBD-2547-4AD6-BD1C-B4D898B1E9FB}"
EndProject
Global
	GlobalSection(SolutionConfigurationPlatforms) = preSolution
		Debug|Any CPU = Debug|Any CPU
		Release|Any CPU = Release|Any CPU
	EndGlobalSection
	GlobalSection(ProjectConfigurationPlatforms) = postSolution
		{C8056EBD-2547-4AD6-BD1C-B4D898B1E9FB}.Debug|Any CPU.ActiveCfg = Debug|Any CPU
		{C8056EBD-2547-4AD6-BD1C-B4D898B1E9FB}.Debug|Any CPU.Build.0 = Debug|Any CPU
		{C8056EBD-2547-4AD6-BD1C-B4D898B1E9FB}.Release|Any CPU.ActiveCfg = Release|Any CPU
		{C8056EBD-2547-4AD6-BD1C-B4D898B1E9FB}.Release|Any CPU.Build.0 = Release|Any CPU
	EndGlobalSection
	GlobalSection(SolutionProperties) = preSolution
		HideSolutionNode = FALSE
	EndGlobalSection
	GlobalSection(ExtensibilityGlobals) = postSolution
		SolutionGuid = {ACD144ED-1E87-4A66-87E1-A701843EAFDF}
	EndGlobalSection
EndGlobal
